{
  "name": "wasm_runtime",
  "version": "1.0.0",
  "lockfileVersion": 2,
  "requires": true,
  "packages": {
    "": {
      "name": "wasm_runtime",
      "version": "1.0.0",
      "license": "ISC",
      "dependencies": {
        "wabt": "^1.0.32"
      },
      "engines": {
        "node": "^18",
        "npm": "^9"
      }
    },
    "node_modules/wabt": {
      "version": "1.0.32",
      "resolved": "https://registry.npmjs.org/wabt/-/wabt-1.0.32.tgz",
      "integrity": "sha512-1aHvkKaSrrl7qFtAbQ1RWVHLuJApRh7PtUdYvRtiUEKEhk0MOV0sTuz5cLF6jL5jPLRyifLbZcR65AEga/xBhQ==",
      "bin": {
        "wasm-decompile": "bin/wasm-decompile",
        "wasm-interp": "bin/wasm-interp",
        "wasm-objdump": "bin/wasm-objdump",
        "wasm-opcodecnt": "bin/wasm-opcodecnt",
        "wasm-strip": "bin/wasm-strip",
        "wasm-validate": "bin/wasm-validate",
        "wasm2c": "bin/wasm2c",
        "wasm2wat": "bin/wasm2wat",
        "wat2wasm": "bin/wat2wasm"
      }
    }
  },
  "dependencies": {
    "wabt": {
      "version": "1.0.32",
      "resolved": "https://registry.npmjs.org/wabt/-/wabt-1.0.32.tgz",
      "integrity": "sha512-1aHvkKaSrrl7qFtAbQ1RWVHLuJApRh7PtUdYvRtiUEKEhk0MOV0sTuz5cLF6jL5jPLRyifLbZcR65AEga/xBhQ=="
    }
  }
}
